
Microsoft Visual Studio Solution File, Format Version 12.00
# Visual Studio Version 17
VisualStudioVersion = 17.0.31903.59
MinimumVisualStudioVersion = 10.0.40219.1
Project("{2150E333-8FDC-42A3-9474-1A3956D46DE8}") = "src", "src", "{DFAFEF8B-5ABC-4A66-9679-150EE9C99000}"
EndProject
Project("{FAE04EC0-301F-11D3-BF4B-00C04F79EFBC}") = "Csir.Spme.Api", "src\Csir.Spme.Api\Csir.Spme.Api.csproj", "{32FF2EBD-8F74-4816-B562-045D820105DF}"
EndProject
Project("{FAE04EC0-301F-11D3-BF4B-00C04F79EFBC}") = "Csir.Spme.Application", "src\Csir.Spme.Application\Csir.Spme.Application.csproj", "{236F6451-F30A-4391-A094-17451E9EE060}"
EndProject
Project("{FAE04EC0-301F-11D3-BF4B-00C04F79EFBC}") = "Csir.Spme.Domain", "src\Csir.Spme.Domain\Csir.Spme.Domain.csproj", "{8A6F4C33-A8BB-4D07-8A0A-66EE3B753B33}"
EndProject
Project("{FAE04EC0-301F-11D3-BF4B-00C04F79EFBC}") = "Csir.Spme.Infrastructure", "src\Csir.Spme.Infrastructure\Csir.Spme.Infrastructure.csproj", "{B7405080-4805-43AD-9AC5-20B493473573}"
EndProject
Project("{2150E333-8FDC-42A3-9474-1A3956D46DE8}") = "tests", "tests", "{9D42FF30-CB1C-4E8C-A513-635D34B83CD3}"
EndProject
Project("{FAE04EC0-301F-11D3-BF4B-00C04F79EFBC}") = "Csir.Spme.Domain.Tests", "tests\Csir.Spme.Domain.Tests\Csir.Spme.Domain.Tests.csproj", "{CBF8EF28-8216-4826-A0F4-0F4C00FF2C92}"
EndProject
Project("{FAE04EC0-301F-11D3-BF4B-00C04F79EFBC}") = "Csir.Spme.Application.Tests", "tests\Csir.Spme.Application.Tests\Csir.Spme.Application.Tests.csproj", "{C91B176B-3C25-4CB1-84F4-ABEEC5BAF223}"
EndProject
Project("{FAE04EC0-301F-11D3-BF4B-00C04F79EFBC}") = "Csir.Spme.Api.IntegrationTests", "tests\Csir.Spme.Api.IntegrationTests\Csir.Spme.Api.IntegrationTests.csproj", "{A35587A0-B7B6-4F56-97A3-2A3EBFD10A13}"
EndProject
Project("{FAE04EC0-301F-11D3-BF4B-00C04F79EFBC}") = "Csir.Spme.ArchitectureTests", "tests\Csir.Spme.ArchitectureTests\Csir.Spme.ArchitectureTests.csproj", "{0AA9F1C0-844B-48E3-AE66-227912068683}"
EndProject
Project("{2150E333-8FDC-42A3-9474-1A3956D46DE8}") = "tools", "tools", "{07C2787E-EAC7-C090-1BA3-A61EC2A24D84}"
EndProject
Project("{FAE04EC0-301F-11D3-BF4B-00C04F79EFBC}") = "Csir.Spme.Tools.LegacyImport", "tools\Csir.Spme.Tools.LegacyImport\Csir.Spme.Tools.LegacyImport.csproj", "{C80BCDB1-5F8B-447D-A631-CAB1B792A745}"
EndProject
Project("{FAE04EC0-301F-11D3-BF4B-00C04F79EFBC}") = "Csir.Spme.Tools.LegacyImport.Tests", "tests\Csir.Spme.Tools.LegacyImport.Tests\Csir.Spme.Tools.LegacyImport.Tests.csproj", "{811A2F38-48CA-4150-AB42-1F4186700F90}"
EndProject
Project("{FAE04EC0-301F-11D3-BF4B-00C04F79EFBC}") = "Csir.Spme.ServiceDefaults", "src\Csir.Spme.ServiceDefaults\Csir.Spme.ServiceDefaults.csproj", "{DB87401A-0027-4AA2-AD83-D85FDD1D19E7}"
EndProject
Project("{FAE04EC0-301F-11D3-BF4B-00C04F79EFBC}") = "Csir.Spme.AppHost", "src\Csir.Spme.AppHost\Csir.Spme.AppHost.csproj", "{0D35FC86-B0A0-4DD4-AC6F-28DAF96898F1}"
EndProject
Project("{FAE04EC0-301F-11D3-BF4B-00C04F79EFBC}") = "Csir.Spme.Tools.DatabaseMigrator", "tools\Csir.Spme.Tools.DatabaseMigrator\Csir.Spme.Tools.DatabaseMigrator.csproj", "{AE6A237B-1F1B-471A-91A9-99DC3B66A7B2}"
EndProject
Project("{FAE04EC0-301F-11D3-BF4B-00C04F79EFBC}") = "Csir.Spme.AppHost.Tests", "tests\Csir.Spme.AppHost.Tests\Csir.Spme.AppHost.Tests.csproj", "{709123CE-7772-4F87-A0C4-69E0F3BAA898}"
EndProject
Global
	GlobalSection(SolutionConfigurationPlatforms) = preSolution
		Debug|Any CPU = Debug|Any CPU
		Debug|x64 = Debug|x64
		Debug|x86 = Debug|x86
		Release|Any CPU = Release|Any CPU
		Release|x64 = Release|x64
		Release|x86 = Release|x86
	EndGlobalSection
	GlobalSection(ProjectConfigurationPlatforms) = postSolution
		{32FF2EBD-8F74-4816-B562-045D820105DF}.Debug|Any CPU.ActiveCfg = Debug|Any CPU
		{32FF2EBD-8F74-4816-B562-045D820105DF}.Debug|Any CPU.Build.0 = Debug|Any CPU
		{32FF2EBD-8F74-4816-B562-045D820105DF}.Debug|x64.ActiveCfg = Debug|Any CPU
		{32FF2EBD-8F74-4816-B562-045D820105DF}.Debug|x64.Build.0 = Debug|Any CPU
		{32FF2EBD-8F74-4816-B562-045D820105DF}.Debug|x86.ActiveCfg = Debug|Any CPU
		{32FF2EBD-8F74-4816-B562-045D820105DF}.Debug|x86.Build.0 = Debug|Any CPU
		{32FF2EBD-8F74-4816-B562-045D820105DF}.Release|Any CPU.ActiveCfg = Release|Any CPU
		{32FF2EBD-8F74-4816-B562-045D820105DF}.Release|Any CPU.Build.0 = Release|Any CPU
		{32FF2EBD-8F74-4816-B562-045D820105DF}.Release|x64.ActiveCfg = Release|Any CPU
		{32FF2EBD-8F74-4816-B562-045D820105DF}.Release|x64.Build.0 = Release|Any CPU
		{32FF2EBD-8F74-4816-B562-045D820105DF}.Release|x86.ActiveCfg = Release|Any CPU
		{32FF2EBD-8F74-4816-B562-045D820105DF}.Release|x86.Build.0 = Release|Any CPU
		{236F6451-F30A-4391-A094-17451E9EE060}.Debug|Any CPU.ActiveCfg = Debug|Any CPU
		{236F6451-F30A-4391-A094-17451E9EE060}.Debug|Any CPU.Build.0 = Debug|Any CPU
		{236F6451-F30A-4391-A094-17451E9EE060}.Debug|x64.ActiveCfg = Debug|Any CPU
		{236F6451-F30A-4391-A094-17451E9EE060}.Debug|x64.Build.0 = Debug|Any CPU
		{236F6451-F30A-4391-A094-17451E9EE060}.Debug|x86.ActiveCfg = Debug|Any CPU
		{236F6451-F30A-4391-A094-17451E9EE060}.Debug|x86.Build.0 = Debug|Any CPU
		{236F6451-F30A-4391-A094-17451E9EE060}.Release|Any CPU.ActiveCfg = Release|Any CPU
		{236F6451-F30A-4391-A094-17451E9EE060}.Release|Any CPU.Build.0 = Release|Any CPU
		{236F6451-F30A-4391-A094-17451E9EE060}.Release|x64.ActiveCfg = Release|Any CPU
		{236F6451-F30A-4391-A094-17451E9EE060}.Release|x64.Build.0 = Release|Any CPU
		{236F6451-F30A-4391-A094-17451E9EE060}.Release|x86.ActiveCfg = Release|Any CPU
		{236F6451-F30A-4391-A094-17451E9EE060}.Release|x86.Build.0 = Release|Any CPU
		{8A6F4C33-A8BB-4D07-8A0A-66EE3B753B33}.Debug|Any CPU.ActiveCfg = Debug|Any CPU
		{8A6F4C33-A8BB-4D07-8A0A-66EE3B753B33}.Debug|Any CPU.Build.0 = Debug|Any CPU
		{8A6F4C33-A8BB-4D07-8A0A-66EE3B753B33}.Debug|x64.ActiveCfg = Debug|Any CPU
		{8A6F4C33-A8BB-4D07-8A0A-66EE3B753B33}.Debug|x64.Build.0 = Debug|Any CPU
		{8A6F4C33-A8BB-4D07-8A0A-66EE3B753B33}.Debug|x86.ActiveCfg = Debug|Any CPU
		{8A6F4C33-A8BB-4D07-8A0A-66EE3B753B33}.Debug|x86.Build.0 = Debug|Any CPU
		{8A6F4C33-A8BB-4D07-8A0A-66EE3B753B33}.Release|Any CPU.ActiveCfg = Release|Any CPU
		{8A6F4C33-A8BB-4D07-8A0A-66EE3B753B33}.Release|Any CPU.Build.0 = Release|Any CPU
		{8A6F4C33-A8BB-4D07-8A0A-66EE3B753B33}.Release|x64.ActiveCfg = Release|Any CPU
		{8A6F4C33-A8BB-4D07-8A0A-66EE3B753B33}.Release|x64.Build.0 = Release|Any CPU
		{8A6F4C33-A8BB-4D07-8A0A-66EE3B753B33}.Release|x86.ActiveCfg = Release|Any CPU
		{8A6F4C33-A8BB-4D07-8A0A-66EE3B753B33}.Release|x86.Build.0 = Release|Any CPU
		{B7405080-4805-43AD-9AC5-20B493473573}.Debug|Any CPU.ActiveCfg = Debug|Any CPU
		{B7405080-4805-43AD-9AC5-20B493473573}.Debug|Any CPU.Build.0 = Debug|Any CPU
		{B7405080-4805-43AD-9AC5-20B493473573}.Debug|x64.ActiveCfg = Debug|Any CPU
		{B7405080-4805-43AD-9AC5-20B493473573}.Debug|x64.Build.0 = Debug|Any CPU
		{B7405080-4805-43AD-9AC5-20B493473573}.Debug|x86.ActiveCfg = Debug|Any CPU
		{B7405080-4805-43AD-9AC5-20B493473573}.Debug|x86.Build.0 = Debug|Any CPU
		{B7405080-4805-43AD-9AC5-20B493473573}.Release|Any CPU.ActiveCfg = Release|Any CPU
		{B7405080-4805-43AD-9AC5-20B493473573}.Release|Any CPU.Build.0 = Release|Any CPU
		{B7405080-4805-43AD-9AC5-20B493473573}.Release|x64.ActiveCfg = Release|Any CPU
		{B7405080-4805-43AD-9AC5-20B493473573}.Release|x64.Build.0 = Release|Any CPU
		{B7405080-4805-43AD-9AC5-20B493473573}.Release|x86.ActiveCfg = Release|Any CPU
		{B7405080-4805-43AD-9AC5-20B493473573}.Release|x86.Build.0 = Release|Any CPU
		{CBF8EF28-8216-4826-A0F4-0F4C00FF2C92}.Debug|Any CPU.ActiveCfg = Debug|Any CPU
		{CBF8EF28-8216-4826-A0F4-0F4C00FF2C92}.Debug|Any CPU.Build.0 = Debug|Any CPU
		{CBF8EF28-8216-4826-A0F4-0F4C00FF2C92}.Debug|x64.ActiveCfg = Debug|Any CPU
		{CBF8EF28-8216-4826-A0F4-0F4C00FF2C92}.Debug|x64.Build.0 = Debug|Any CPU
		{CBF8EF28-8216-4826-A0F4-0F4C00FF2C92}.Debug|x86.ActiveCfg = Debug|Any CPU
		{CBF8EF28-8216-4826-A0F4-0F4C00FF2C92}.Debug|x86.Build.0 = Debug|Any CPU
		{CBF8EF28-8216-4826-A0F4-0F4C00FF2C92}.Release|Any CPU.ActiveCfg = Release|Any CPU
		{CBF8EF28-8216-4826-A0F4-0F4C00FF2C92}.Release|Any CPU.Build.0 = Release|Any CPU
		{CBF8EF28-8216-4826-A0F4-0F4C00FF2C92}.Release|x64.ActiveCfg = Release|Any CPU
		{CBF8EF28-8216-4826-A0F4-0F4C00FF2C92}.Release|x64.Build.0 = Release|Any CPU
		{CBF8EF28-8216-4826-A0F4-0F4C00FF2C92}.Release|x86.ActiveCfg = Release|Any CPU
		{CBF8EF28-8216-4826-A0F4-0F4C00FF2C92}.Release|x86.Build.0 = Release|Any CPU
		{C91B176B-3C25-4CB1-84F4-ABEEC5BAF223}.Debug|Any CPU.ActiveCfg = Debug|Any CPU
		{C91B176B-3C25-4CB1-84F4-ABEEC5BAF223}.Debug|Any CPU.Build.0 = Debug|Any CPU
		{C91B176B-3C25-4CB1-84F4-ABEEC5BAF223}.Debug|x64.ActiveCfg = Debug|Any CPU
		{C91B176B-3C25-4CB1-84F4-ABEEC5BAF223}.Debug|x64.Build.0 = Debug|Any CPU
		{C91B176B-3C25-4CB1-84F4-ABEEC5BAF223}.Debug|x86.ActiveCfg = Debug|Any CPU
		{C91B176B-3C25-4CB1-84F4-ABEEC5BAF223}.Debug|x86.Build.0 = Debug|Any CPU
		{C91B176B-3C25-4CB1-84F4-ABEEC5BAF223}.Release|Any CPU.ActiveCfg = Release|Any CPU
		{C91B176B-3C25-4CB1-84F4-ABEEC5BAF223}.Release|Any CPU.Build.0 = Release|Any CPU
		{C91B176B-3C25-4CB1-84F4-ABEEC5BAF223}.Release|x64.ActiveCfg = Release|Any CPU
		{C91B176B-3C25-4CB1-84F4-ABEEC5BAF223}.Release|x64.Build.0 = Release|Any CPU
		{C91B176B-3C25-4CB1-84F4-ABEEC5BAF223}.Release|x86.ActiveCfg = Release|Any CPU
		{C91B176B-3C25-4CB1-84F4-ABEEC5BAF223}.Release|x86.Build.0 = Release|Any CPU
		{A35587A0-B7B6-4F56-97A3-2A3EBFD10A13}.Debug|Any CPU.ActiveCfg = Debug|Any CPU
		{A35587A0-B7B6-4F56-97A3-2A3EBFD10A13}.Debug|Any CPU.Build.0 = Debug|Any CPU
		{A35587A0-B7B6-4F56-97A3-2A3EBFD10A13}.Debug|x64.ActiveCfg = Debug|Any CPU
		{A35587A0-B7B6-4F56-97A3-2A3EBFD10A13}.Debug|x64.Build.0 = Debug|Any CPU
		{A35587A0-B7B6-4F56-97A3-2A3EBFD10A13}.Debug|x86.ActiveCfg = Debug|Any CPU
		{A35587A0-B7B6-4F56-97A3-2A3EBFD10A13}.Debug|x86.Build.0 = Debug|Any CPU
		{A35587A0-B7B6-4F56-97A3-2A3EBFD10A13}.Release|Any CPU.ActiveCfg = Release|Any CPU
		{A35587A0-B7B6-4F56-97A3-2A3EBFD10A13}.Release|Any CPU.Build.0 = Release|Any CPU
		{A35587A0-B7B6-4F56-97A3-2A3EBFD10A13}.Release|x64.ActiveCfg = Release|Any CPU
		{A35587A0-B7B6-4F56-97A3-2A3EBFD10A13}.Release|x64.Build.0 = Release|Any CPU
		{A35587A0-B7B6-4F56-97A3-2A3EBFD10A13}.Release|x86.ActiveCfg = Release|Any CPU
		{A35587A0-B7B6-4F56-97A3-2A3EBFD10A13}.Release|x86.Build.0 = Release|Any CPU
		{0AA9F1C0-844B-48E3-AE66-227912068683}.Debug|Any CPU.ActiveCfg = Debug|Any CPU
		{0AA9F1C0-844B-48E3-AE66-227912068683}.Debug|Any CPU.Build.0 = Debug|Any CPU
		{0AA9F1C0-844B-48E3-AE66-227912068683}.Debug|x64.ActiveCfg = Debug|Any CPU
		{0AA9F1C0-844B-48E3-AE66-227912068683}.Debug|x64.Build.0 = Debug|Any CPU
		{0AA9F1C0-844B-48E3-AE66-227912068683}.Debug|x86.ActiveCfg = Debug|Any CPU
		{0AA9F1C0-844B-48E3-AE66-227912068683}.Debug|x86.Build.0 = Debug|Any CPU
		{0AA9F1C0-844B-48E3-AE66-227912068683}.Release|Any CPU.ActiveCfg = Release|Any CPU
		{0AA9F1C0-844B-48E3-AE66-227912068683}.Release|Any CPU.Build.0 = Release|Any CPU
		{0AA9F1C0-844B-48E3-AE66-227912068683}.Release|x64.ActiveCfg = Release|Any CPU
		{0AA9F1C0-844B-48E3-AE66-227912068683}.Release|x64.Build.0 = Release|Any CPU
		{0AA9F1C0-844B-48E3-AE66-227912068683}.Release|x86.ActiveCfg = Release|Any CPU
		{0AA9F1C0-844B-48E3-AE66-227912068683}.Release|x86.Build.0 = Release|Any CPU
		{C80BCDB1-5F8B-447D-A631-CAB1B792A745}.Debug|Any CPU.ActiveCfg = Debug|Any CPU
		{C80BCDB1-5F8B-447D-A631-CAB1B792A745}.Debug|Any CPU.Build.0 = Debug|Any CPU
		{C80BCDB1-5F8B-447D-A631-CAB1B792A745}.Debug|x64.ActiveCfg = Debug|Any CPU
		{C80BCDB1-5F8B-447D-A631-CAB1B792A745}.Debug|x64.Build.0 = Debug|Any CPU
		{C80BCDB1-5F8B-447D-A631-CAB1B792A745}.Debug|x86.ActiveCfg = Debug|Any CPU
		{C80BCDB1-5F8B-447D-A631-CAB1B792A745}.Debug|x86.Build.0 = Debug|Any CPU
		{C80BCDB1-5F8B-447D-A631-CAB1B792A745}.Release|Any CPU.ActiveCfg = Release|Any CPU
		{C80BCDB1-5F8B-447D-A631-CAB1B792A745}.Release|Any CPU.Build.0 = Release|Any CPU
		{C80BCDB1-5F8B-447D-A631-CAB1B792A745}.Release|x64.ActiveCfg = Release|Any CPU
		{C80BCDB1-5F8B-447D-A631-CAB1B792A745}.Release|x64.Build.0 = Release|Any CPU
		{C80BCDB1-5F8B-447D-A631-CAB1B792A745}.Release|x86.ActiveCfg = Release|Any CPU
		{C80BCDB1-5F8B-447D-A631-CAB1B792A745}.Release|x86.Build.0 = Release|Any CPU
		{811A2F38-48CA-4150-AB42-1F4186700F90}.Debug|Any CPU.ActiveCfg = Debug|Any CPU
		{811A2F38-48CA-4150-AB42-1F4186700F90}.Debug|Any CPU.Build.0 = Debug|Any CPU
		{811A2F38-48CA-4150-AB42-1F4186700F90}.Debug|x64.ActiveCfg = Debug|Any CPU
		{811A2F38-48CA-4150-AB42-1F4186700F90}.Debug|x64.Build.0 = Debug|Any CPU
		{811A2F38-48CA-4150-AB42-1F4186700F90}.Debug|x86.ActiveCfg = Debug|Any CPU
		{811A2F38-48CA-4150-AB42-1F4186700F90}.Debug|x86.Build.0 = Debug|Any CPU
		{811A2F38-48CA-4150-AB42-1F4186700F90}.Release|Any CPU.ActiveCfg = Release|Any CPU
		{811A2F38-48CA-4150-AB42-1F4186700F90}.Release|Any CPU.Build.0 = Release|Any CPU
		{811A2F38-48CA-4150-AB42-1F4186700F90}.Release|x64.ActiveCfg = Release|Any CPU
		{811A2F38-48CA-4150-AB42-1F4186700F90}.Release|x64.Build.0 = Release|Any CPU
		{811A2F38-48CA-4150-AB42-1F4186700F90}.Release|x86.ActiveCfg = Release|Any CPU
		{811A2F38-48CA-4150-AB42-1F4186700F90}.Release|x86.Build.0 = Release|Any CPU
		{DB87401A-0027-4AA2-AD83-D85FDD1D19E7}.Debug|Any CPU.ActiveCfg = Debug|Any CPU
		{DB87401A-0027-4AA2-AD83-D85FDD1D19E7}.Debug|Any CPU.Build.0 = Debug|Any CPU
		{DB87401A-0027-4AA2-AD83-D85FDD1D19E7}.Debug|x64.ActiveCfg = Debug|Any CPU
		{DB87401A-0027-4AA2-AD83-D85FDD1D19E7}.Debug|x64.Build.0 = Debug|Any CPU
		{DB87401A-0027-4AA2-AD83-D85FDD1D19E7}.Debug|x86.ActiveCfg = Debug|Any CPU
		{DB87401A-0027-4AA2-AD83-D85FDD1D19E7}.Debug|x86.Build.0 = Debug|Any CPU
		{DB87401A-0027-4AA2-AD83-D85FDD1D19E7}.Release|Any CPU.ActiveCfg = Release|Any CPU
		{DB87401A-0027-4AA2-AD83-D85FDD1D19E7}.Release|Any CPU.Build.0 = Release|Any CPU
		{DB87401A-0027-4AA2-AD83-D85FDD1D19E7}.Release|x64.ActiveCfg = Release|Any CPU
		{DB87401A-0027-4AA2-AD83-D85FDD1D19E7}.Release|x64.Build.0 = Release|Any CPU
		{DB87401A-0027-4AA2-AD83-D85FDD1D19E7}.Release|x86.ActiveCfg = Release|Any CPU
		{DB87401A-0027-4AA2-AD83-D85FDD1D19E7}.Release|x86.Build.0 = Release|Any CPU
		{0D35FC86-B0A0-4DD4-AC6F-28DAF96898F1}.Debug|Any CPU.ActiveCfg = Debug|Any CPU
		{0D35FC86-B0A0-4DD4-AC6F-28DAF96898F1}.Debug|Any CPU.Build.0 = Debug|Any CPU
		{0D35FC86-B0A0-4DD4-AC6F-28DAF96898F1}.Debug|x64.ActiveCfg = Debug|Any CPU
		{0D35FC86-B0A0-4DD4-AC6F-28DAF96898F1}.Debug|x64.Build.0 = Debug|Any CPU
		{0D35FC86-B0A0-4DD4-AC6F-28DAF96898F1}.Debug|x86.ActiveCfg = Debug|Any CPU
		{0D35FC86-B0A0-4DD4-AC6F-28DAF96898F1}.Debug|x86.Build.0 = Debug|Any CPU
		{0D35FC86-B0A0-4DD4-AC6F-28DAF96898F1}.Release|Any CPU.ActiveCfg = Release|Any CPU
		{0D35FC86-B0A0-4DD4-AC6F-28DAF96898F1}.Release|Any CPU.Build.0 = Release|Any CPU
		{0D35FC86-B0A0-4DD4-AC6F-28DAF96898F1}.Release|x64.ActiveCfg = Release|Any CPU
		{0D35FC86-B0A0-4DD4-AC6F-28DAF96898F1}.Release|x64.Build.0 = Release|Any CPU
		{0D35FC86-B0A0-4DD4-AC6F-28DAF96898F1}.Release|x86.ActiveCfg = Release|Any CPU
		{0D35FC86-B0A0-4DD4-AC6F-28DAF96898F1}.Release|x86.Build.0 = Release|Any CPU
		{AE6A237B-1F1B-471A-91A9-99DC3B66A7B2}.Debug|Any CPU.ActiveCfg = Debug|Any CPU
		{AE6A237B-1F1B-471A-91A9-99DC3B66A7B2}.Debug|Any CPU.Build.0 = Debug|Any CPU
		{AE6A237B-1F1B-471A-91A9-99DC3B66A7B2}.Debug|x64.ActiveCfg = Debug|Any CPU
		{AE6A237B-1F1B-471A-91A9-99DC3B66A7B2}.Debug|x64.Build.0 = Debug|Any CPU
		{AE6A237B-1F1B-471A-91A9-99DC3B66A7B2}.Debug|x86.ActiveCfg = Debug|Any CPU
		{AE6A237B-1F1B-471A-91A9-99DC3B66A7B2}.Debug|x86.Build.0 = Debug|Any CPU
		{AE6A237B-1F1B-471A-91A9-99DC3B66A7B2}.Release|Any CPU.ActiveCfg = Release|Any CPU
		{AE6A237B-1F1B-471A-91A9-99DC3B66A7B2}.Release|Any CPU.Build.0 = Release|Any CPU
		{AE6A237B-1F1B-471A-91A9-99DC3B66A7B2}.Release|x64.ActiveCfg = Release|Any CPU
		{AE6A237B-1F1B-471A-91A9-99DC3B66A7B2}.Release|x64.Build.0 = Release|Any CPU
		{AE6A237B-1F1B-471A-91A9-99DC3B66A7B2}.Release|x86.ActiveCfg = Release|Any CPU
		{AE6A237B-1F1B-471A-91A9-99DC3B66A7B2}.Release|x86.Build.0 = Release|Any CPU
		{709123CE-7772-4F87-A0C4-69E0F3BAA898}.Debug|Any CPU.ActiveCfg = Debug|Any CPU
		{709123CE-7772-4F87-A0C4-69E0F3BAA898}.Debug|Any CPU.Build.0 = Debug|Any CPU
		{709123CE-7772-4F87-A0C4-69E0F3BAA898}.Debug|x64.ActiveCfg = Debug|Any CPU
		{709123CE-7772-4F87-A0C4-69E0F3BAA898}.Debug|x64.Build.0 = Debug|Any CPU
		{709123CE-7772-4F87-A0C4-69E0F3BAA898}.Debug|x86.ActiveCfg = Debug|Any CPU
		{709123CE-7772-4F87-A0C4-69E0F3BAA898}.Debug|x86.Build.0 = Debug|Any CPU
		{709123CE-7772-4F87-A0C4-69E0F3BAA898}.Release|Any CPU.ActiveCfg = Release|Any CPU
		{709123CE-7772-4F87-A0C4-69E0F3BAA898}.Release|Any CPU.Build.0 = Release|Any CPU
		{709123CE-7772-4F87-A0C4-69E0F3BAA898}.Release|x64.ActiveCfg = Release|Any CPU
		{709123CE-7772-4F87-A0C4-69E0F3BAA898}.Release|x64.Build.0 = Release|Any CPU
		{709123CE-7772-4F87-A0C4-69E0F3BAA898}.Release|x86.ActiveCfg = Release|Any CPU
		{709123CE-7772-4F87-A0C4-69E0F3BAA898}.Release|x86.Build.0 = Release|Any CPU
	EndGlobalSection
	GlobalSection(SolutionProperties) = preSolution
		HideSolutionNode = FALSE
	EndGlobalSection
	GlobalSection(NestedProjects) = preSolution
		{32FF2EBD-8F74-4816-B562-045D820105DF} = {DFAFEF8B-5ABC-4A66-9679-150EE9C99000}
		{236F6451-F30A-4391-A094-17451E9EE060} = {DFAFEF8B-5ABC-4A66-9679-150EE9C99000}
		{8A6F4C33-A8BB-4D07-8A0A-66EE3B753B33} = {DFAFEF8B-5ABC-4A66-9679-150EE9C99000}
		{B7405080-4805-43AD-9AC5-20B493473573} = {DFAFEF8B-5ABC-4A66-9679-150EE9C99000}
		{CBF8EF28-8216-4826-A0F4-0F4C00FF2C92} = {9D42FF30-CB1C-4E8C-A513-635D34B83CD3}
		{C91B176B-3C25-4CB1-84F4-ABEEC5BAF223} = {9D42FF30-CB1C-4E8C-A513-635D34B83CD3}
		{A35587A0-B7B6-4F56-97A3-2A3EBFD10A13} = {9D42FF30-CB1C-4E8C-A513-635D34B83CD3}
		{0AA9F1C0-844B-48E3-AE66-227912068683} = {9D42FF30-CB1C-4E8C-A513-635D34B83CD3}
		{C80BCDB1-5F8B-447D-A631-CAB1B792A745} = {07C2787E-EAC7-C090-1BA3-A61EC2A24D84}
		{811A2F38-48CA-4150-AB42-1F4186700F90} = {9D42FF30-CB1C-4E8C-A513-635D34B83CD3}
		{DB87401A-0027-4AA2-AD83-D85FDD1D19E7} = {DFAFEF8B-5ABC-4A66-9679-150EE9C99000}
		{0D35FC86-B0A0-4DD4-AC6F-28DAF96898F1} = {DFAFEF8B-5ABC-4A66-9679-150EE9C99000}
		{AE6A237B-1F1B-471A-91A9-99DC3B66A7B2} = {07C2787E-EAC7-C090-1BA3-A61EC2A24D84}
		{709123CE-7772-4F87-A0C4-69E0F3BAA898} = {9D42FF30-CB1C-4E8C-A513-635D34B83CD3}
	EndGlobalSection
EndGlobal
